
Microsoft Visual Studio Solution File, Format Version 12.00
# Visual Studio Version 17
VisualStudioVersion = 17.1.32319.34
MinimumVisualStudioVersion = 10.0.40219.1
Project("{9A19103F-16F7-4668-BE54-9A1E7A4F7556}") = "AzBatchServiceConsole", "AzBatchServiceConsole\AzBatchServiceConsole.csproj", "{831DD286-3D97-4F53-A5EA-F47EFE88ED76}"
EndProject
Project("{9A19103F-16F7-4668-BE54-9A1E7A4F7556}") = "MyJob", "MyJob\MyJob.csproj", "{A125F7B3-4577-4957-8DA5-60987E5D010A}"
EndProject
Project("{FAE04EC0-301F-11D3-BF4B-00C04F79EFBC}") = "WebBalancer", "WebBalancer\WebBalancer.csproj", "{8302D28D-97B7-498A-889D-9D4AAB4402C5}"
EndProject
Project("{FAE04EC0-301F-11D3-BF4B-00C04F79EFBC}") = "UnitTests", "UnitTests\UnitTests.csproj", "{BEC18AE4-7923-469B-9A66-BA368DA944B7}"
EndProject
Global
	GlobalSection(SolutionConfigurationPlatforms) = preSolution
		Debug|Any CPU = Debug|Any CPU
		Release|Any CPU = Release|Any CPU
	EndGlobalSection
	GlobalSection(ProjectConfigurationPlatforms) = postSolution
		{831DD286-3D97-4F53-A5EA-F47EFE88ED76}.Debug|Any CPU.ActiveCfg = Debug|Any CPU
		{831DD286-3D97-4F53-A5EA-F47EFE88ED76}.Debug|Any CPU.Build.0 = Debug|Any CPU
		{831DD286-3D97-4F53-A5EA-F47EFE88ED76}.Release|Any CPU.ActiveCfg = Release|Any CPU
		{831DD286-3D97-4F53-A5EA-F47EFE88ED76}.Release|Any CPU.Build.0 = Release|Any CPU
		{A125F7B3-4577-4957-8DA5-60987E5D010A}.Debug|Any CPU.ActiveCfg = Debug|Any CPU
		{A125F7B3-4577-4957-8DA5-60987E5D010A}.Debug|Any CPU.Build.0 = Debug|Any CPU
		{A125F7B3-4577-4957-8DA5-60987E5D010A}.Release|Any CPU.ActiveCfg = Release|Any CPU
		{A125F7B3-4577-4957-8DA5-60987E5D010A}.Release|Any CPU.Build.0 = Release|Any CPU
		{8302D28D-97B7-498A-889D-9D4AAB4402C5}.Debug|Any CPU.ActiveCfg = Debug|Any CPU
		{8302D28D-97B7-498A-889D-9D4AAB4402C5}.Debug|Any CPU.Build.0 = Debug|Any CPU
		{8302D28D-97B7-498A-889D-9D4AAB4402C5}.Release|Any CPU.ActiveCfg = Release|Any CPU
		{8302D28D-97B7-498A-889D-9D4AAB4402C5}.Release|Any CPU.Build.0 = Release|Any CPU
		{BEC18AE4-7923-469B-9A66-BA368DA944B7}.Debug|Any CPU.ActiveCfg = Debug|Any CPU
		{BEC18AE4-7923-469B-9A66-BA368DA944B7}.Debug|Any CPU.Build.0 = Debug|Any CPU
		{BEC18AE4-7923-469B-9A66-BA368DA944B7}.Release|Any CPU.ActiveCfg = Release|Any CPU
		{BEC18AE4-7923-469B-9A66-BA368DA944B7}.Release|Any CPU.Build.0 = Release|Any CPU
	EndGlobalSection
	GlobalSection(SolutionProperties) = preSolution
		HideSolutionNode = FALSE
	EndGlobalSection
	GlobalSection(ExtensibilityGlobals) = postSolution
		SolutionGuid = {D14B9230-D46B-49BC-9F3A-BF7AFC2D46B4}
	EndGlobalSection
EndGlobal
